
Microsoft Visual Studio Solution File, Format Version 12.00
# Visual Studio Version 17
VisualStudioVersion = 17.10.34928.147
MinimumVisualStudioVersion = 10.0.40219.1
Project("{FAE04EC0-301F-11D3-BF4B-00C04F79EFBC}") = "DataValidation_RangeValidation", "DataValidation_RangeValidation.csproj", "{60A79CA6-42C2-460B-A621-7B94A3EE8CFE}"
EndProject
Global
	GlobalSection(SolutionConfigurationPlatforms) = preSolution
		Debug|Any CPU = Debug|Any CPU
		Release|Any CPU = Release|Any CPU
	EndGlobalSection
	GlobalSection(ProjectConfigurationPlatforms) = postSolution
		{60A79CA6-42C2-460B-A621-7B94A3EE8CFE}.Debug|Any CPU.ActiveCfg = Debug|Any CPU
		{60A79CA6-42C2-460B-A621-7B94A3EE8CFE}.Debug|Any CPU.Build.0 = Debug|Any CPU
		{60A79CA6-42C2-460B-A621-7B94A3EE8CFE}.Release|Any CPU.ActiveCfg = Release|Any CPU
		{60A79CA6-42C2-460B-A621-7B94A3EE8CFE}.Release|Any CPU.Build.0 = Release|Any CPU
	EndGlobalSection
	GlobalSection(SolutionProperties) = preSolution
		HideSolutionNode = FALSE
	EndGlobalSection
	GlobalSection(ExtensibilityGlobals) = postSolution
		SolutionGuid = {AAB50434-D174-457E-998D-CBADD89FF95F}
	EndGlobalSection
EndGlobal
